// !$*UTF8*$!
{
	archiveVersion = 1;
	classes = {
	};
	objectVersion = 46;
	objects = {

/* Begin PBXBuildFile section */
		AB8A491D1EA7CBA9007C0394 /* AppDelegate.swift in Sources */ = {isa = PBXBuildFile; fileRef = AB8A491C1EA7CBA9007C0394 /* AppDelegate.swift */; };
		AB8A491F1EA7CBA9007C0394 /* ViewController.swift in Sources */ = {isa = PBXBuildFile; fileRef = AB8A491E1EA7CBA9007C0394 /* ViewController.swift */; };
		AB8A49221EA7CBA9007C0394 /* Main.storyboard in Resources */ = {isa = PBXBuildFile; fileRef = AB8A49201EA7CBA9007C0394 /* Main.storyboard */; };
		AB8A49241EA7CBA9007C0394 /* Assets.xcassets in Resources */ = {isa = PBXBuildFile; fileRef = AB8A49231EA7CBA9007C0394 /* Assets.xcassets */; };
		AB8A49271EA7CBA9007C0394 /* LaunchScreen.storyboard in Resources */ = {isa = PBXBuildFile; fileRef = AB8A49251EA7CBA9007C0394 /* LaunchScreen.storyboard */; };
/* End PBXBuildFile section */

/* Begin PBXFileReference section */
		AB8A49191EA7CBA9007C0394 /* ZingMP3.app */ = {isa = PBXFileReference; explicitFileType = wrapper.application; includeInIndex = 0; path = ZingMP3.app; sourceTree = BUILT_PRODUCTS_DIR; };
		AB8A491C1EA7CBA9007C0394 /* AppDelegate.swift */ = {isa = PBXFileReference; lastKnownFileType = sourcecode.swift; path = AppDelegate.swift; sourceTree = "<group>"; };
		AB8A491E1EA7CBA9007C0394 /* ViewController.swift */ = {isa = PBXFileReference; lastKnownFileType = sourcecode.swift; path = ViewController.swift; sourceTree = "<group>"; };
		AB8A49211EA7CBA9007C0394 /* Base */ = {isa = PBXFileReference; lastKnownFileType = file.storyboard; name = Base; path = Base.lproj/Main.storyboard; sourceTree = "<group>"; };
		AB8A49231EA7CBA9007C0394 /* Assets.xcassets */ = {isa = PBXFileReference; lastKnownFileType = folder.assetcatalog; path = Assets.xcassets; sourceTree = "<group>"; };
		AB8A49261EA7CBA9007C0394 /* Base */ = {isa = PBXFileReference; lastKnownFileType = file.storyboard; name = Base; path = Base.lproj/LaunchScreen.storyboard; sourceTree = "<group>"; };
		AB8A49281EA7CBA9007C0394 /* Info.plist */ = {isa = PBXFileReference; lastKnownFileType = text.plist.xml; path = Info.plist; sourceTree = "<group>"; };
/* End PBXFileReference section */

/* Begin PBXFrameworksBuildPhase section */
		AB8A49161EA7CBA9007C0394 /* Frameworks */ = {
			isa = PBXFrameworksBuildPhase;
			buildActionMask = 2147483647;
			files = (
			);
			runOnlyForDeploymentPostprocessing = 0;
		};
/* End PBXFrameworksBuildPhase section */

/* Begin PBXGroup section */
		AB8A49101EA7CBA8007C0394 = {
			isa = PBXGroup;
			children = (
				AB8A491B1EA7CBA9007C0394 /* ZingMP3 */,
				AB8A491A1EA7CBA9007C0394 /* Products */,
			);
			sourceTree = "<group>";
		};
		AB8A491A1EA7CBA9007C0394 /* Products */ = {
			isa = PBXGroup;
			children = (
				AB8A49191EA7CBA9007C0394 /* ZingMP3.app */,
			);
			name = Products;
			sourceTree = "<group>";
		};
		AB8A491B1EA7CBA9007C0394 /* ZingMP3 */ = {
			isa = PBXGroup;
			children = (
				AB8A491C1EA7CBA9007C0394 /* AppDelegate.swift */,
				AB8A491E1EA7CBA9007C0394 /* ViewController.swift */,
				AB8A49201EA7CBA9007C0394 /* Main.storyboard */,
				AB8A49231EA7CBA9007C0394 /* Assets.xcassets */,
				AB8A49251EA7CBA9007C0394 /* LaunchScreen.storyboard */,
				AB8A49281EA7CBA9007C0394 /* Info.plist */,
			);
			path = ZingMP3;
			sourceTree = "<group>";
		};
/* End PBXGroup section */

/* Begin PBXNativeTarget section */
		AB8A49181EA7CBA9007C0394 /* ZingMP3 */ = {
			isa = PBXNativeTarget;
			buildConfigurationList = AB8A492B1EA7CBA9007C0394 /* Build configuration list for PBXNativeTarget "ZingMP3" */;
			buildPhases = (
				AB8A49151EA7CBA9007C0394 /* Sources */,
				AB8A49161EA7CBA9007C0394 /* Frameworks */,
				AB8A49171EA7CBA9007C0394 /* Resources */,
			);
			buildRules = (
			);
			dependencies = (
			);
			name = ZingMP3;
			productName = ZingMP3;
			productReference = AB8A49191EA7CBA9007C0394 /* ZingMP3.app */;
			productType = "com.apple.product-type.application";
		};
/* End PBXNativeTarget section */

/* Begin PBXProject section */
		AB8A49111EA7CBA8007C0394 /* Project object */ = {
			isa = PBXProject;
			attributes = {
				LastSwiftUpdateCheck = 0830;
				LastUpgradeCheck = 0830;
				ORGANIZATIONNAME = silverpear;
				TargetAttributes = {
					AB8A49181EA7CBA9007C0394 = {
						CreatedOnToolsVersion = 8.3.1;
						ProvisioningStyle = Automatic;
					};
				};
			};
			buildConfigurationList = AB8A49141EA7CBA9007C0394 /* Build configuration list for PBXProject "ZingMP3" */;
			compatibilityVersion = "Xcode 3.2";
			developmentRegion = English;
			hasScannedForEncodings = 0;
			knownRegions = (
				en,
				Base,
			);
			mainGroup = AB8A49101EA7CBA8007C0394;
			productRefGroup = AB8A491A1EA7CBA9007C0394 /* Products */;
			projectDirPath = "";
			projectRoot = "";
			targets = (
				AB8A49181EA7CBA9007C0394 /* ZingMP3 */,
			);
		};
/* End PBXProject section */

/* Begin PBXResourcesBuildPhase section */
		AB8A49171EA7CBA9007C0394 /* Resources */ = {
			isa = PBXResourcesBuildPhase;
			buildActionMask = 2147483647;
			files = (
				AB8A49271EA7CBA9007C0394 /* LaunchScreen.storyboard in Resources */,
				AB8A49241EA7CBA9007C0394 /* Assets.xcassets in Resources */,
				AB8A49221EA7CBA9007C0394 /* Main.storyboard in Resources */,
			);
			runOnlyForDeploymentPostprocessing = 0;
		};
/* End PBXResourcesBuildPhase section */

/* Begin PBXSourcesBuildPhase section */
		AB8A49151EA7CBA9007C0394 /* Sources */ = {
			isa = PBXSourcesBuildPhase;
			buildActionMask = 2147483647;
			files = (
				AB8A491F1EA7CBA9007C0394 /* ViewController.swift in Sources */,
				AB8A491D1EA7CBA9007C0394 /* AppDelegate.swift in Sources */,
			);
			runOnlyForDeploymentPostprocessing = 0;
		};
/* End PBXSourcesBuildPhase section */

/* Begin PBXVariantGroup section */
		AB8A49201EA7CBA9007C0394 /* Main.storyboard */ = {
			isa = PBXVariantGroup;
			children = (
				AB8A49211EA7CBA9007C0394 /* Base */,
			);
			name = Main.storyboard;
			sourceTree = "<group>";
		};
		AB8A49251EA7CBA9007C0394 /* LaunchScreen.storyboard */ = {
			isa = PBXVariantGroup;
			children = (
				AB8A49261EA7CBA9007C0394 /* Base */,
			);
			name = LaunchScreen.storyboard;
			sourceTree = "<group>";
		};
/* End PBXVariantGroup section */

/* Begin XCBuildConfiguration section */
		AB8A49291EA7CBA9007C0394 /* Debug */ = {
			isa = XCBuildConfiguration;
			buildSettings = {
				ALWAYS_SEARCH_USER_PATHS = NO;
				CLANG_ANALYZER_NONNULL = YES;
				CLANG_ANALYZER_NUMBER_OBJECT_CONVERSION = YES_AGGRESSIVE;
				CLANG_CXX_LANGUAGE_STANDARD = "gnu++0x";
				CLANG_CXX_LIBRARY = "libc++";
				CLANG_ENABLE_MODULES = YES;
				CLANG_ENABLE_OBJC_ARC = YES;
				CLANG_WARN_BOOL_CONVERSION = YES;
				CLANG_WARN_CONSTANT_CONVERSION = YES;
				CLANG_WARN_DIRECT_OBJC_ISA_USAGE = YES_ERROR;
				CLANG_WARN_DOCUMENTATION_COMMENTS = YES;
				CLANG_WARN_EMPTY_BODY = YES;
				CLANG_WARN_ENUM_CONVERSION = YES;
				CLANG_WARN_INFINITE_RECURSION = YES;
				CLANG_WARN_INT_CONVERSION = YES;
				CLANG_WARN_OBJC_ROOT_CLASS = YES_ERROR;
				CLANG_WARN_SUSPICIOUS_MOVE = YES;
				CLANG_WARN_UNREACHABLE_CODE = YES;
				CLANG_WARN__DUPLICATE_METHOD_MATCH = YES;
				"CODE_SIGN_IDENTITY[sdk=iphoneos*]" = "iPhone Developer";
				COPY_PHASE_STRIP = NO;
				DEBUG_INFORMATION_FORMAT = dwarf;
				ENABLE_STRICT_OBJC_MSGSEND = YES;
				ENABLE_TESTABILITY = YES;
				GCC_C_LANGUAGE_STANDARD = gnu99;
				GCC_DYNAMIC_NO_PIC = NO;
				GCC_NO_COMMON_BLOCKS = YES;
				GCC_OPTIMIZATION_LEVEL = 0;
				GCC_PREPROCESSOR_DEFINITIONS = (
					"DEBUG=1",
					"$(inherited)",
				);
				GCC_WARN_64_TO_32_BIT_CONVERSION = YES;
				GCC_WARN_ABOUT_RETURN_TYPE = YES_ERROR;
				GCC_WARN_UNDECLARED_SELECTOR = YES;
				GCC_WARN_UNINITIALIZED_AUTOS = YES_AGGRESSIVE;
				GCC_WARN_UNUSED_FUNCTION = YES;
				GCC_WARN_UNUSED_VARIABLE = YES;
				IPHONEOS_DEPLOYMENT_TARGET = 10.3;
				MTL_ENABLE_DEBUG_INFO = YES;
				ONLY_ACTIVE_ARCH = YES;
				SDKROOT = iphoneos;
				SWIFT_ACTIVE_COMPILATION_CONDITIONS = DEBUG;
				SWIFT_OPTIMIZATION_LEVEL = "-Onone";
			};
			name = Debug;
		};
		AB8A492A1EA7CBA9007C0394 /* Release */ = {
			isa = XCBuildConfiguration;
			buildSettings = {
				ALWAYS_SEARCH_USER_PATHS = NO;
				CLANG_ANALYZER_NONNULL = YES;
				CLANG_ANALYZER_NUMBER_OBJECT_CONVERSION = YES_AGGRESSIVE;
				CLANG_CXX_LANGUAGE_STANDARD = "gnu++0x";
				CLANG_CXX_LIBRARY = "libc++";
				CLANG_ENABLE_MODULES = YES;
				CLANG_ENABLE_OBJC_ARC = YES;
				CLANG_WARN_BOOL_CONVERSION = YES;
				CLANG_WARN_CONSTANT_CONVERSION = YES;
				CLANG_WARN_DIRECT_OBJC_ISA_USAGE = YES_ERROR;
				CLANG_WARN_DOCUMENTATION_COMMENTS = YES;
				CLANG_WARN_EMPTY_BODY = YES;
				CLANG_WARN_ENUM_CONVERSION = YES;
				CLANG_WARN_INFINITE_RECURSION = YES;
				CLANG_WARN_INT_CONVERSION = YES;
				CLANG_WARN_OBJC_ROOT_CLASS = YES_ERROR;
				CLANG_WARN_SUSPICIOUS_MOVE = YES;
				CLANG_WARN_UNREACHABLE_CODE = YES;
				CLANG_WARN__DUPLICATE_METHOD_MATCH = YES;
				"CODE_SIGN_IDENTITY[sdk=iphoneos*]" = "iPhone Developer";
				COPY_PHASE_STRIP = NO;
				DEBUG_INFORMATION_FORMAT = "dwarf-with-dsym";
				ENABLE_NS_ASSERTIONS = NO;
				ENABLE_STRICT_OBJC_MSGSEND = YES;
				GCC_C_LANGUAGE_STANDARD = gnu99;
				GCC_NO_COMMON_BLOCKS = YES;
				GCC_WARN_64_TO_32_BIT_CONVERSION = YES;
				GCC_WARN_ABOUT_RETURN_TYPE = YES_ERROR;
				GCC_WARN_UNDECLARED_SELECTOR = YES;
				GCC_WARN_UNINITIALIZED_AUTOS = YES_AGGRESSIVE;
				GCC_WARN_UNUSED_FUNCTION = YES;
				GCC_WARN_UNUSED_VARIABLE = YES;
				IPHONEOS_DEPLOYMENT_TARGET = 10.3;
				MTL_ENABLE_DEBUG_INFO = NO;
				SDKROOT = iphoneos;
				SWIFT_OPTIMIZATION_LEVEL = "-Owholemodule";
				VALIDATE_PRODUCT = YES;
			};
			name = Release;
		};
		AB8A492C1EA7CBA9007C0394 /* Debug */ = {
			isa = XCBuildConfiguration;
			buildSettings = {
				ASSETCATALOG_COMPILER_APPICON_NAME = AppIcon;
				INFOPLIST_FILE = ZingMP3/Info.plist;
				LD_RUNPATH_SEARCH_PATHS = "$(inherited) @executable_path/Frameworks";
				PRODUCT_BUNDLE_IDENTIFIER = com.silverpear.ZingMP3;
				PRODUCT_NAME = "$(TARGET_NAME)";
				SWIFT_VERSION = 3.0;
			};
			name = Debug;
		};
		AB8A492D1EA7CBA9007C0394 /* Release */ = {
			isa = XCBuildConfiguration;
			buildSettings = {
				ASSETCATALOG_COMPILER_APPICON_NAME = AppIcon;
				INFOPLIST_FILE = ZingMP3/Info.plist;
				LD_RUNPATH_SEARCH_PATHS = "$(inherited) @executable_path/Frameworks";
				PRODUCT_BUNDLE_IDENTIFIER = com.silverpear.ZingMP3;
				PRODUCT_NAME = "$(TARGET_NAME)";
				SWIFT_VERSION = 3.0;
			};
			name = Release;
		};
/* End XCBuildConfiguration section */

/* Begin XCConfigurationList section */
		AB8A49141EA7CBA9007C0394 /* Build configuration list for PBXProject "ZingMP3" */ = {
			isa = XCConfigurationList;
			buildConfigurations = (
				AB8A49291EA7CBA9007C0394 /* Debug */,
				AB8A492A1EA7CBA9007C0394 /* Release */,
			);
			defaultConfigurationIsVisible = 0;
			defaultConfigurationName = Release;
		};
		AB8A492B1EA7CBA9007C0394 /* Build configuration list for PBXNativeTarget "ZingMP3" */ = {
			isa = XCConfigurationList;
			buildConfigurations = (
				AB8A492C1EA7CBA9007C0394 /* Debug */,
				AB8A492D1EA7CBA9007C0394 /* Release */,
			);
			defaultConfigurationIsVisible = 0;
		};
/* End XCConfigurationList section */
	};
	rootObject = AB8A49111EA7CBA8007C0394 /* Project object */;
}
